{
  "name": "miniprogram",
  "version": "1.0.0",
  "lockfileVersion": 1,
  "requires": true,
  "dependencies": {
    "miniprogram-slide-view": {
      "version": "0.0.4",
      "resolved": "https://registry.npm.taobao.org/miniprogram-slide-view/download/miniprogram-slide-view-0.0.4.tgz",
      "integrity": "sha1-0EjSJCrOMfwp3hmbmkmjM19sEy0="
    }
  }
}
